
Microsoft Visual Studio Solution File, Format Version 12.00
# Visual Studio Version 16
VisualStudioVersion = 16.0.808.1
MinimumVisualStudioVersion = 10.0.40219.1
Project("{FAE04EC0-301F-11D3-BF4B-00C04F79EFBC}") = "Gothamcaresdemo1.web", "Gothamcaresdemo1\Gothamcaresdemo1.web.csproj", "{460D0A7B-F74F-4523-980A-AA84C5F1964C}"
EndProject
Project("{FAE04EC0-301F-11D3-BF4B-00C04F79EFBC}") = "entities", "web\entities.csproj", "{A888412C-6881-41C5-AF93-08B15C51A45A}"
EndProject
Project("{FAE04EC0-301F-11D3-BF4B-00C04F79EFBC}") = "BLL", "BLL\BLL.csproj", "{2291AC5A-B481-4EBA-AC81-AAC27686D379}"
EndProject
Project("{FAE04EC0-301F-11D3-BF4B-00C04F79EFBC}") = "DAL", "DAL\DAL.csproj", "{F3050386-9EEE-4001-8A87-2183B24176DC}"
EndProject
Global
	GlobalSection(SolutionConfigurationPlatforms) = preSolution
		Debug|Any CPU = Debug|Any CPU
		Release|Any CPU = Release|Any CPU
	EndGlobalSection
	GlobalSection(ProjectConfigurationPlatforms) = postSolution
		{460D0A7B-F74F-4523-980A-AA84C5F1964C}.Debug|Any CPU.ActiveCfg = Debug|Any CPU
		{460D0A7B-F74F-4523-980A-AA84C5F1964C}.Debug|Any CPU.Build.0 = Debug|Any CPU
		{460D0A7B-F74F-4523-980A-AA84C5F1964C}.Release|Any CPU.ActiveCfg = Release|Any CPU
		{460D0A7B-F74F-4523-980A-AA84C5F1964C}.Release|Any CPU.Build.0 = Release|Any CPU
		{A888412C-6881-41C5-AF93-08B15C51A45A}.Debug|Any CPU.ActiveCfg = Debug|Any CPU
		{A888412C-6881-41C5-AF93-08B15C51A45A}.Debug|Any CPU.Build.0 = Debug|Any CPU
		{A888412C-6881-41C5-AF93-08B15C51A45A}.Release|Any CPU.ActiveCfg = Release|Any CPU
		{A888412C-6881-41C5-AF93-08B15C51A45A}.Release|Any CPU.Build.0 = Release|Any CPU
		{2291AC5A-B481-4EBA-AC81-AAC27686D379}.Debug|Any CPU.ActiveCfg = Debug|Any CPU
		{2291AC5A-B481-4EBA-AC81-AAC27686D379}.Debug|Any CPU.Build.0 = Debug|Any CPU
		{2291AC5A-B481-4EBA-AC81-AAC27686D379}.Release|Any CPU.ActiveCfg = Release|Any CPU
		{2291AC5A-B481-4EBA-AC81-AAC27686D379}.Release|Any CPU.Build.0 = Release|Any CPU
		{F3050386-9EEE-4001-8A87-2183B24176DC}.Debug|Any CPU.ActiveCfg = Debug|Any CPU
		{F3050386-9EEE-4001-8A87-2183B24176DC}.Debug|Any CPU.Build.0 = Debug|Any CPU
		{F3050386-9EEE-4001-8A87-2183B24176DC}.Release|Any CPU.ActiveCfg = Release|Any CPU
		{F3050386-9EEE-4001-8A87-2183B24176DC}.Release|Any CPU.Build.0 = Release|Any CPU
	EndGlobalSection
	GlobalSection(SolutionProperties) = preSolution
		HideSolutionNode = FALSE
	EndGlobalSection
	GlobalSection(ExtensibilityGlobals) = postSolution
		SolutionGuid = {8840E553-90F5-4826-945B-515AB2C58347}
	EndGlobalSection
EndGlobal
